
Microsoft Visual Studio Solution File, Format Version 12.00
# Visual Studio Version 17
VisualStudioVersion = 17.4.33213.308
MinimumVisualStudioVersion = 10.0.40219.1
Project("{9A19103F-16F7-4668-BE54-9A1E7A4F7556}") = "AssetManagementSystem", "AssetManagementSystem\AssetManagementSystem.csproj", "{964648DC-C5FE-4281-A1D5-68B62CE9A10E}"
EndProject
Project("{FAE04EC0-301F-11D3-BF4B-00C04F79EFBC}") = "AssetManagementSystemUI", "AssetManagementSystemUI\AssetManagementSystemUI.csproj", "{F3D41444-2AAC-4D13-A750-3A9E60A27411}"
EndProject
Global
	GlobalSection(SolutionConfigurationPlatforms) = preSolution
		Debug|Any CPU = Debug|Any CPU
		Release|Any CPU = Release|Any CPU
	EndGlobalSection
	GlobalSection(ProjectConfigurationPlatforms) = postSolution
		{964648DC-C5FE-4281-A1D5-68B62CE9A10E}.Debug|Any CPU.ActiveCfg = Debug|Any CPU
		{964648DC-C5FE-4281-A1D5-68B62CE9A10E}.Debug|Any CPU.Build.0 = Debug|Any CPU
		{964648DC-C5FE-4281-A1D5-68B62CE9A10E}.Release|Any CPU.ActiveCfg = Release|Any CPU
		{964648DC-C5FE-4281-A1D5-68B62CE9A10E}.Release|Any CPU.Build.0 = Release|Any CPU
		{F3D41444-2AAC-4D13-A750-3A9E60A27411}.Debug|Any CPU.ActiveCfg = Debug|Any CPU
		{F3D41444-2AAC-4D13-A750-3A9E60A27411}.Debug|Any CPU.Build.0 = Debug|Any CPU
		{F3D41444-2AAC-4D13-A750-3A9E60A27411}.Release|Any CPU.ActiveCfg = Release|Any CPU
		{F3D41444-2AAC-4D13-A750-3A9E60A27411}.Release|Any CPU.Build.0 = Release|Any CPU
	EndGlobalSection
	GlobalSection(SolutionProperties) = preSolution
		HideSolutionNode = FALSE
	EndGlobalSection
	GlobalSection(ExtensibilityGlobals) = postSolution
		SolutionGuid = {925D883F-DE8F-4B30-865E-81F999458834}
	EndGlobalSection
EndGlobal
